
Microsoft Visual Studio Solution File, Format Version 12.00
# Visual Studio Version 17
VisualStudioVersion = 17.1.32407.343
MinimumVisualStudioVersion = 10.0.40219.1
Project("{9A19103F-16F7-4668-BE54-9A1E7A4F7556}") = "LotusMusic.App", "LotusMusic.App\LotusMusic.App.csproj", "{04734EF9-3CE1-4094-9BD0-EB859CB2FD96}"
EndProject
Project("{9A19103F-16F7-4668-BE54-9A1E7A4F7556}") = "LotusMusic.Data", "LotusMusic.Data\LotusMusic.Data.csproj", "{6DD9D983-31F2-4B3E-B5F8-911B2BF2F75D}"
EndProject
Project("{FAE04EC0-301F-11D3-BF4B-00C04F79EFBC}") = "LotusMusic.Core", "LotusMusic.Core\LotusMusic.Core.csproj", "{60D640C1-D622-4BC9-B39D-193758CE185A}"
EndProject
Global
	GlobalSection(SolutionConfigurationPlatforms) = preSolution
		Debug|Any CPU = Debug|Any CPU
		Release|Any CPU = Release|Any CPU
	EndGlobalSection
	GlobalSection(ProjectConfigurationPlatforms) = postSolution
		{04734EF9-3CE1-4094-9BD0-EB859CB2FD96}.Debug|Any CPU.ActiveCfg = Debug|Any CPU
		{04734EF9-3CE1-4094-9BD0-EB859CB2FD96}.Debug|Any CPU.Build.0 = Debug|Any CPU
		{04734EF9-3CE1-4094-9BD0-EB859CB2FD96}.Release|Any CPU.ActiveCfg = Release|Any CPU
		{04734EF9-3CE1-4094-9BD0-EB859CB2FD96}.Release|Any CPU.Build.0 = Release|Any CPU
		{6DD9D983-31F2-4B3E-B5F8-911B2BF2F75D}.Debug|Any CPU.ActiveCfg = Debug|Any CPU
		{6DD9D983-31F2-4B3E-B5F8-911B2BF2F75D}.Debug|Any CPU.Build.0 = Debug|Any CPU
		{6DD9D983-31F2-4B3E-B5F8-911B2BF2F75D}.Release|Any CPU.ActiveCfg = Release|Any CPU
		{6DD9D983-31F2-4B3E-B5F8-911B2BF2F75D}.Release|Any CPU.Build.0 = Release|Any CPU
		{60D640C1-D622-4BC9-B39D-193758CE185A}.Debug|Any CPU.ActiveCfg = Debug|Any CPU
		{60D640C1-D622-4BC9-B39D-193758CE185A}.Debug|Any CPU.Build.0 = Debug|Any CPU
		{60D640C1-D622-4BC9-B39D-193758CE185A}.Release|Any CPU.ActiveCfg = Release|Any CPU
		{60D640C1-D622-4BC9-B39D-193758CE185A}.Release|Any CPU.Build.0 = Release|Any CPU
	EndGlobalSection
	GlobalSection(SolutionProperties) = preSolution
		HideSolutionNode = FALSE
	EndGlobalSection
	GlobalSection(ExtensibilityGlobals) = postSolution
		SolutionGuid = {3EC29BC4-6FBB-4A8B-BAFD-FA1F7EB7CBBC}
	EndGlobalSection
EndGlobal
